
Microsoft Visual Studio Solution File, Format Version 12.00
# Visual Studio Version 17
VisualStudioVersion = 17.0.31717.71
MinimumVisualStudioVersion = 10.0.40219.1
Project("{2150E333-8FDC-42A3-9474-1A3956D46DE8}") = "- Documentation", "- Documentation", "{75CB1268-E052-4A3F-8022-2C21C84D9B32}"
	ProjectSection(SolutionItems) = preProject
		CHANGELOG.md = CHANGELOG.md
		LICENSE = LICENSE
		NuGet-README.md = NuGet-README.md
		README.md = README.md
		THIRD-PARTY-NOTICES = THIRD-PARTY-NOTICES
	EndProjectSection
EndProject
Project("{2150E333-8FDC-42A3-9474-1A3956D46DE8}") = "- Configuration", "- Configuration", "{0DACFAAC-B553-41FE-A88E-948038CD072B}"
	ProjectSection(SolutionItems) = preProject
		.editorconfig = .editorconfig
		.gitattributes = .gitattributes
		.gitignore = .gitignore
		.globalconfig = .globalconfig
		Common.props = Common.props
		Directory.Packages.props = Directory.Packages.props
		global.json = global.json
		stylecop.json = stylecop.json
		version.json = version.json
	EndProjectSection
EndProject
Project("{2150E333-8FDC-42A3-9474-1A3956D46DE8}") = "src", "src", "{AF6E590F-F997-442E-8F77-356C7E4DF275}"
EndProject
Project("{2150E333-8FDC-42A3-9474-1A3956D46DE8}") = "graphics", "graphics", "{A119730E-E4ED-4C92-A0F0-5FFE3A77FC10}"
	ProjectSection(SolutionItems) = preProject
		graphics\README.md = graphics\README.md
	EndProjectSection
EndProject
Project("{2150E333-8FDC-42A3-9474-1A3956D46DE8}") = "tests", "tests", "{0977BFBE-C5F3-4B90-9F9E-77061320CB9D}"
EndProject
Project("{9A19103F-16F7-4668-BE54-9A1E7A4F7556}") = "Louis", "src\Louis\Louis.csproj", "{62064F40-927E-4421-AF63-AAD08A8CC360}"
EndProject
Project("{9A19103F-16F7-4668-BE54-9A1E7A4F7556}") = "LouisSourceGenerators", "src\LouisSourceGenerators\LouisSourceGenerators.csproj", "{80A11279-C52A-4437-AA1A-0380EF133576}"
EndProject
Project("{2150E333-8FDC-42A3-9474-1A3956D46DE8}") = "graphics", "graphics", "{E9C789C3-E611-4BF1-BCEF-73F2F4BF13BB}"
	ProjectSection(SolutionItems) = preProject
		graphics\README.md = graphics\README.md
	EndProjectSection
EndProject
Global
	GlobalSection(SolutionConfigurationPlatforms) = preSolution
		Debug|Any CPU = Debug|Any CPU
		Release|Any CPU = Release|Any CPU
	EndGlobalSection
	GlobalSection(ProjectConfigurationPlatforms) = postSolution
		{62064F40-927E-4421-AF63-AAD08A8CC360}.Debug|Any CPU.ActiveCfg = Debug|Any CPU
		{62064F40-927E-4421-AF63-AAD08A8CC360}.Debug|Any CPU.Build.0 = Debug|Any CPU
		{62064F40-927E-4421-AF63-AAD08A8CC360}.Release|Any CPU.ActiveCfg = Release|Any CPU
		{62064F40-927E-4421-AF63-AAD08A8CC360}.Release|Any CPU.Build.0 = Release|Any CPU
		{80A11279-C52A-4437-AA1A-0380EF133576}.Debug|Any CPU.ActiveCfg = Debug|Any CPU
		{80A11279-C52A-4437-AA1A-0380EF133576}.Debug|Any CPU.Build.0 = Debug|Any CPU
		{80A11279-C52A-4437-AA1A-0380EF133576}.Release|Any CPU.ActiveCfg = Release|Any CPU
		{80A11279-C52A-4437-AA1A-0380EF133576}.Release|Any CPU.Build.0 = Release|Any CPU
	EndGlobalSection
	GlobalSection(SolutionProperties) = preSolution
		HideSolutionNode = FALSE
	EndGlobalSection
	GlobalSection(NestedProjects) = preSolution
		{62064F40-927E-4421-AF63-AAD08A8CC360} = {AF6E590F-F997-442E-8F77-356C7E4DF275}
		{80A11279-C52A-4437-AA1A-0380EF133576} = {AF6E590F-F997-442E-8F77-356C7E4DF275}
		{E9C789C3-E611-4BF1-BCEF-73F2F4BF13BB} = {75CB1268-E052-4A3F-8022-2C21C84D9B32}
	EndGlobalSection
	GlobalSection(ExtensibilityGlobals) = postSolution
		SolutionGuid = {552BE595-AF8A-4BA2-9F45-D3CED6737ABB}
	EndGlobalSection
EndGlobal
